PODS:
  - Alamofire (4.9.1)
  - Alamofire-Synchronous (4.0.0):
    - Alamofire (~> 4.0)
  - AlamofireNetworkActivityIndicator (2.3.0):
    - Alamofire (~> 4.7)
  - AlamofireNetworkActivityLogger (2.4.0):
    - Alamofire (~> 4.8)
  - AptoObjCSDK (1.1.0):
    - AptoSDK
  - AptoPCI (2.0.1)
  - AptoSDK (3.0.1):
    - Alamofire (~> 4.8)
    - AlamofireNetworkActivityIndicator (~> 2.2)
    - Bond (~> 7.6)
    - FTLinearActivityIndicator (= 1.2.1)
    - GoogleKit (~> 0.3)
    - LaunchDarkly (~> 4.5.0)
    - Mixpanel-swift (~> 2.7)
    - PhoneNumberKit (~> 3.2)
    - SwiftyJSON (~> 5.0)
    - TrustKit (~> 1.6)
  - AptoUISDK (2.8.0):
    - AptoPCI (= 2.0.1)
    - AptoSDK (= 3.0.1)
    - Bond (~> 7.6)
    - Down (~> 0.8.0)
    - GoogleKit (~> 0.3)
    - PhoneNumberKit (~> 3.2)
    - PullToRefreshKit (~> 0.8)
    - SnapKit (~> 5.0)
    - TrustKit (~> 1.6.0)
    - TTTAttributedLabel (~> 2.0)
    - TwilioVoice (~> 3.0)
  - Bond (7.8.1):
    - Differ (~> 1.4)
    - ReactiveKit (~> 3.14)
  - Branch (0.33.1):
    - Branch/Core (= 0.33.1)
  - Branch/Core (0.33.1)
  - DarklyEventSource (4.1.1)
  - Differ (1.4.5)
  - Down (0.8.6)
  - FTLinearActivityIndicator (1.2.1)
  - GoogleKit (0.3.2)
  - KIF (3.6.0):
    - KIF/Core (= 3.6.0)
  - KIF/Core (3.6.0)
  - LaunchDarkly (4.5.0):
    - LaunchDarkly/Core (= 4.5.0)
  - LaunchDarkly/Core (4.5.0):
    - DarklyEventSource (~> 4.1.0)
  - Mixpanel-swift (2.8.1):
    - Mixpanel-swift/Complete (= 2.8.1)
  - Mixpanel-swift/Complete (2.8.1)
  - PhoneNumberKit (3.3.1):
    - PhoneNumberKit/PhoneNumberKitCore (= 3.3.1)
    - PhoneNumberKit/UIKit (= 3.3.1)
  - PhoneNumberKit/PhoneNumberKitCore (3.3.1)
  - PhoneNumberKit/UIKit (3.3.1):
    - PhoneNumberKit/PhoneNumberKitCore
  - PullToRefreshKit (0.8.8)
  - ReactiveKit (3.17.4)
  - Sentry (6.0.9):
    - Sentry/Core (= 6.0.9)
  - Sentry/Core (6.0.9)
  - SnapKit (5.0.1)
  - SnapshotTesting (1.7.2)
  - SwiftyJSON (5.0.0)
  - TrustKit (1.6.5)
  - TTTAttributedLabel (2.0.0)
  - TwilioVoice (3.1.1)

DEPENDENCIES:
  - Alamofire (~> 4.8)
  - Alamofire-Synchronous (= 4.0.0)
  - AlamofireNetworkActivityIndicator (= 2.3.0)
  - AlamofireNetworkActivityLogger (~> 2.0)
  - AptoObjCSDK (from `../`)
  - AptoSDK (from `../`)
  - AptoUISDK (from `../`)
  - Bond (~> 7.6)
  - Branch (~> 0.33.1)
  - Down (~> 0.8)
  - FTLinearActivityIndicator (= 1.2.1)
  - GoogleKit (= 0.3.2)
  - KIF (= 3.6.0)
  - Mixpanel-swift (~> 2.7)
  - PhoneNumberKit (~> 3.2)
  - PullToRefreshKit (~> 0.8)
  - Sentry (from `https://github.com/getsentry/sentry-cocoa.git`, tag `6.0.9`)
  - SnapKit (~> 5.0)
  - SnapshotTesting (~> 1.7.2)
  - SwiftyJSON (~> 5.0)
  - TrustKit (~> 1.6)
  - TTTAttributedLabel (= 2.0.0)
  - TwilioVoice (~> 3.0)

SPEC REPOS:
  trunk:
    - Alamofire
    - Alamofire-Synchronous
    - AlamofireNetworkActivityIndicator
    - AlamofireNetworkActivityLogger
    - AptoPCI
    - Bond
    - Branch
    - DarklyEventSource
    - Differ
    - Down
    - FTLinearActivityIndicator
    - GoogleKit
    - KIF
    - LaunchDarkly
    - Mixpanel-swift
    - PhoneNumberKit
    - PullToRefreshKit
    - ReactiveKit
    - SnapKit
    - SnapshotTesting
    - SwiftyJSON
    - TrustKit
    - TTTAttributedLabel
    - TwilioVoice

EXTERNAL SOURCES:
  AptoObjCSDK:
    :path: "../"
  AptoSDK:
    :path: "../"
  AptoUISDK:
    :path: "../"
  Sentry:
    :git: https://github.com/getsentry/sentry-cocoa.git
    :tag: 6.0.9

CHECKOUT OPTIONS:
  Sentry:
    :git: https://github.com/getsentry/sentry-cocoa.git
    :tag: 6.0.9

SPEC CHECKSUMS:
  Alamofire: 85e8a02c69d6020a0d734f6054870d7ecb75cf18
  Alamofire-Synchronous: eedf1e6e961c3795a63c74990b3f7d9fbfac7e50
  AlamofireNetworkActivityIndicator: 18346ff6d770d9513d0ac6f2d99706f40f93dbaa
  AlamofireNetworkActivityLogger: 6d3398c692d2c5d83b0c58793537860aca1e383d
  AptoObjCSDK: 818ed46d0b6328d9ec76f32ab39e51d8ed8dffb1
  AptoPCI: 9d83b0e7d55e23f1be0cbdcee7b0311af8a0be52
  AptoSDK: 860555849b6e98389b3efc8448d431ac3b664c55
  AptoUISDK: 66203105fe601b38a9d113d9bdbd59d3662c8b50
  Bond: 87075c7f20f37ea3e73dc7057fce839787bf46eb
  Branch: 65d05ffb137ef504777cff6bd4fb6f770f17145a
  DarklyEventSource: 6df384dcdb211d2b6bfbbe93a3148bd25567dd61
  Differ: 3b6bd78e2b20cc795d9a86f7641d087524e4273e
  Down: 3c758f2388fa739663023f400e742a988fa1e21d
  FTLinearActivityIndicator: a3ef57034bd05bc80c1a7c62c8797c0361fa7bee
  GoogleKit: c4b00706a0b1091b295e59920bbd46fd30f74243
  KIF: bd770edd8ce49bc7308501e4871e58a02d137be3
  LaunchDarkly: c2863e664fe089665dc9e68b7084488011fee54a
  Mixpanel-swift: 9d3a2597ef015f187abae0bfa5fda5997d5e4429
  PhoneNumberKit: ff153d5e299f6da566cb73c6aa71e354933b2932
  PullToRefreshKit: 7cc53e720e69f135cffa1a57784dfb534f0222ab
  ReactiveKit: f9f9e079efa39312c597bf1508ef4810d111ce76
  Sentry: 388c9dc093b2fd3a264466a5c5b21e25959610a9
  SnapKit: 97b92857e3df3a0c71833cce143274bf6ef8e5eb
  SnapshotTesting: 8caa6661fea7c8019d5b46de77c16bab99c36c5c
  SwiftyJSON: 36413e04c44ee145039d332b4f4e2d3e8d6c4db7
  TrustKit: 073855e3adecd317417bda4ac9e9ac54a2e3b9f2
  TTTAttributedLabel: 8cffe8e127e4e82ff3af1e5386d4cd0ad000b656
  TwilioVoice: 92845cbc7dd725b64fdae027bb9e78b985d32ed7

PODFILE CHECKSUM: 0b208b699e7e0e1d31596fddf1a6476a7225edfc

COCOAPODS: 1.10.1
