{
  "pins" : [
    {
      "identity" : "sentry-cocoa",
      "kind" : "remoteSourceControl",
      "location" : "https://github.com/getsentry/sentry-cocoa",
      "state" : {
        "revision" : "946cbb6daccedf40d652a12138f78e96f660e1ad",
        "version" : "6.2.1"
      }
    }
  ],
  "version" : 2
}
