<?xml version="1.0" encoding="UTF-8"?>
<Scheme
   LastUpgradeVersion = "1200"
   version = "1.3">
   <BuildAction
      parallelizeBuildables = "YES"
      buildImplicitDependencies = "YES">
      <BuildActionEntries>
         <BuildActionEntry
            buildForTesting = "YES"
            buildForRunning = "YES"
            buildForProfiling = "YES"
            buildForArchiving = "YES"
            buildForAnalyzing = "YES">
            <BuildableReference
               BuildableIdentifier = "primary"
               BlueprintIdentifier = "2C0F05B61C565F6F00F1C0E5"
               BuildableName = "Demo.app"
               BlueprintName = "Demo"
               ReferencedContainer = "container:AptoCardDemo.xcodeproj">
            </BuildableReference>
         </BuildActionEntry>
         <BuildActionEntry
            buildForTesting = "YES"
            buildForRunning = "YES"
            buildForProfiling = "YES"
            buildForArchiving = "NO"
            buildForAnalyzing = "YES">
            <BuildableReference
               BuildableIdentifier = "primary"
               BlueprintIdentifier = "EEC8962CD5E9B428913756D7C901F4AE"
               BuildableName = "AptoSDK.framework"
               BlueprintName = "AptoSDK"
               ReferencedContainer = "container:Pods/Pods.xcodeproj">
            </BuildableReference>
         </BuildActionEntry>
      </BuildActionEntries>
   </BuildAction>
   <TestAction
      buildConfiguration = "Local"
      selectedDebuggerIdentifier = "Xcode.DebuggerFoundation.Debugger.LLDB"
      selectedLauncherIdentifier = "Xcode.DebuggerFoundation.Launcher.LLDB"
      shouldUseLaunchSchemeArgsEnv = "YES"
      codeCoverageEnabled = "YES">
      <MacroExpansion>
         <BuildableReference
            BuildableIdentifier = "primary"
            BlueprintIdentifier = "2C0F05B61C565F6F00F1C0E5"
            BuildableName = "Demo.app"
            BlueprintName = "Demo"
            ReferencedContainer = "container:AptoCardDemo.xcodeproj">
         </BuildableReference>
      </MacroExpansion>
      <CodeCoverageTargets>
         <BuildableReference
            BuildableIdentifier = "primary"
            BlueprintIdentifier = "EEC8962CD5E9B428913756D7C901F4AE"
            BuildableName = "AptoSDK.framework"
            BlueprintName = "AptoSDK"
            ReferencedContainer = "container:Pods/Pods.xcodeproj">
         </BuildableReference>
         <BuildableReference
            BuildableIdentifier = "primary"
            BlueprintIdentifier = "F8FC85FD73B6A5FE82B7486D4B828F53"
            BuildableName = "AptoUISDK.framework"
            BlueprintName = "AptoUISDK"
            ReferencedContainer = "container:Pods/Pods.xcodeproj">
         </BuildableReference>
         <BuildableReference
            BuildableIdentifier = "primary"
            BlueprintIdentifier = "F08756D9836D67763C9ABA029CAA6922"
            BuildableName = "AptoObjCSDK.framework"
            BlueprintName = "AptoObjCSDK"
            ReferencedContainer = "container:Pods/Pods.xcodeproj">
         </BuildableReference>
      </CodeCoverageTargets>
      <Testables>
         <TestableReference
            skipped = "NO">
            <BuildableReference
               BuildableIdentifier = "primary"
               BlueprintIdentifier = "2C0CEEF51E6EFD1D0095DA3A"
               BuildableName = "UnitTests.xctest"
               BlueprintName = "UnitTests"
               ReferencedContainer = "container:AptoCardDemo.xcodeproj">
            </BuildableReference>
         </TestableReference>
         <TestableReference
            skipped = "YES">
            <BuildableReference
               BuildableIdentifier = "primary"
               BlueprintIdentifier = "334E132B2464606100BADC89"
               BuildableName = "SnapshotTests.xctest"
               BlueprintName = "SnapshotTests"
               ReferencedContainer = "container:AptoCardDemo.xcodeproj">
            </BuildableReference>
            <SkippedTests>
               <Test
                  Identifier = "CardInputViewTest">
               </Test>
               <Test
                  Identifier = "CreditCardViewTest">
               </Test>
            </SkippedTests>
         </TestableReference>
      </Testables>
   </TestAction>
   <LaunchAction
      buildConfiguration = "Local"
      selectedDebuggerIdentifier = "Xcode.DebuggerFoundation.Debugger.LLDB"
      selectedLauncherIdentifier = "Xcode.DebuggerFoundation.Launcher.LLDB"
      launchStyle = "0"
      useCustomWorkingDirectory = "NO"
      ignoresPersistentStateOnLaunch = "NO"
      debugDocumentVersioning = "YES"
      debugServiceExtension = "internal"
      allowLocationSimulation = "YES">
      <BuildableProductRunnable
         runnableDebuggingMode = "0">
         <BuildableReference
            BuildableIdentifier = "primary"
            BlueprintIdentifier = "2C0F05B61C565F6F00F1C0E5"
            BuildableName = "Demo.app"
            BlueprintName = "Demo"
            ReferencedContainer = "container:AptoCardDemo.xcodeproj">
         </BuildableReference>
      </BuildableProductRunnable>
   </LaunchAction>
   <ProfileAction
      buildConfiguration = "Local"
      shouldUseLaunchSchemeArgsEnv = "YES"
      savedToolIdentifier = ""
      useCustomWorkingDirectory = "NO"
      debugDocumentVersioning = "YES">
      <BuildableProductRunnable
         runnableDebuggingMode = "0">
         <BuildableReference
            BuildableIdentifier = "primary"
            BlueprintIdentifier = "2C0F05B61C565F6F00F1C0E5"
            BuildableName = "Demo.app"
            BlueprintName = "Demo"
            ReferencedContainer = "container:AptoCardDemo.xcodeproj">
         </BuildableReference>
      </BuildableProductRunnable>
   </ProfileAction>
   <AnalyzeAction
      buildConfiguration = "Local">
   </AnalyzeAction>
   <ArchiveAction
      buildConfiguration = "Prd"
      customArchiveName = "Apto Card"
      revealArchiveInOrganizer = "YES">
   </ArchiveAction>
</Scheme>
